
Microsoft Visual Studio Solution File, Format Version 12.00
# Visual Studio Version 17
VisualStudioVersion = 17.12.35707.178
MinimumVisualStudioVersion = 10.0.40219.1
Project("{FAE04EC0-301F-11D3-BF4B-00C04F79EFBC}") = "RecipesRecommendations", "RecipesRecommendations\RecipesRecommendations.csproj", "{22205197-892D-4089-9910-B43DD968D2D3}"
EndProject
Global
	GlobalSection(SolutionConfigurationPlatforms) = preSolution
		Debug|Any CPU = Debug|Any CPU
		Release|Any CPU = Release|Any CPU
	EndGlobalSection
	GlobalSection(ProjectConfigurationPlatforms) = postSolution
		{22205197-892D-4089-9910-B43DD968D2D3}.Debug|Any CPU.ActiveCfg = Debug|Any CPU
		{22205197-892D-4089-9910-B43DD968D2D3}.Debug|Any CPU.Build.0 = Debug|Any CPU
		{22205197-892D-4089-9910-B43DD968D2D3}.Release|Any CPU.ActiveCfg = Release|Any CPU
		{22205197-892D-4089-9910-B43DD968D2D3}.Release|Any CPU.Build.0 = Release|Any CPU
	EndGlobalSection
	GlobalSection(SolutionProperties) = preSolution
		HideSolutionNode = FALSE
	EndGlobalSection
	GlobalSection(ExtensibilityGlobals) = postSolution
		SolutionGuid = {D2CB7046-631E-46D9-9356-25A0C13D013A}
	EndGlobalSection
EndGlobal
